// !$*UTF8*$!
{
	archiveVersion = 1;
	classes = {
	};
	objectVersion = 46;
	objects = {

/* Begin PBXBuildFile section */
		2E8997AD1AA7DE9200CFFA92 /* main.m in Sources */ = {isa = PBXBuildFile; fileRef = 2E8997AC1AA7DE9200CFFA92 /* main.m */; };
		2E8997B01AA7DE9200CFFA92 /* AppDelegate.m in Sources */ = {isa = PBXBuildFile; fileRef = 2E8997AF1AA7DE9200CFFA92 /* AppDelegate.m */; };
		2E8997B31AA7DE9200CFFA92 /* GameViewController.m in Sources */ = {isa = PBXBuildFile; fileRef = 2E8997B21AA7DE9200CFFA92 /* GameViewController.m */; };
		2E8997B51AA7DE9200CFFA92 /* Shaders.metal in Sources */ = {isa = PBXBuildFile; fileRef = 2E8997B41AA7DE9200CFFA92 /* Shaders.metal */; };
		2E8997B81AA7DE9200CFFA92 /* Main.storyboard in Resources */ = {isa = PBXBuildFile; fileRef = 2E8997B61AA7DE9200CFFA92 /* Main.storyboard */; };
		2E8997BA1AA7DE9200CFFA92 /* Images.xcassets in Resources */ = {isa = PBXBuildFile; fileRef = 2E8997B91AA7DE9200CFFA92 /* Images.xcassets */; };
		2E8997BD1AA7DE9200CFFA92 /* LaunchScreen.xib in Resources */ = {isa = PBXBuildFile; fileRef = 2E8997BB1AA7DE9200CFFA92 /* LaunchScreen.xib */; };
		2E8997C91AA7DE9200CFFA92 /* GameTests.m in Sources */ = {isa = PBXBuildFile; fileRef = 2E8997C81AA7DE9200CFFA92 /* GameTests.m */; };
/* End PBXBuildFile section */

/* Begin PBXContainerItemProxy section */
		2E8997C31AA7DE9200CFFA92 /* PBXContainerItemProxy */ = {
			isa = PBXContainerItemProxy;
			containerPortal = 2E89979F1AA7DE9200CFFA92 /* Project object */;
			proxyType = 1;
			remoteGlobalIDString = 2E8997A61AA7DE9200CFFA92;
			remoteInfo = Game;
		};
/* End PBXContainerItemProxy section */

/* Begin PBXFileReference section */
		2E8997A71AA7DE9200CFFA92 /* Game.app */ = {isa = PBXFileReference; explicitFileType = wrapper.application; includeInIndex = 0; path = Game.app; sourceTree = BUILT_PRODUCTS_DIR; };
		2E8997AB1AA7DE9200CFFA92 /* Info.plist */ = {isa = PBXFileReference; lastKnownFileType = text.plist.xml; path = Info.plist; sourceTree = "<group>"; };
		2E8997AC1AA7DE9200CFFA92 /* main.m */ = {isa = PBXFileReference; lastKnownFileType = sourcecode.c.objc; path = main.m; sourceTree = "<group>"; };
		2E8997AE1AA7DE9200CFFA92 /* AppDelegate.h */ = {isa = PBXFileReference; lastKnownFileType = sourcecode.c.h; path = AppDelegate.h; sourceTree = "<group>"; };
		2E8997AF1AA7DE9200CFFA92 /* AppDelegate.m */ = {isa = PBXFileReference; lastKnownFileType = sourcecode.c.objc; path = AppDelegate.m; sourceTree = "<group>"; };
		2E8997B11AA7DE9200CFFA92 /* GameViewController.h */ = {isa = PBXFileReference; lastKnownFileType = sourcecode.c.h; path = GameViewController.h; sourceTree = "<group>"; };
		2E8997B21AA7DE9200CFFA92 /* GameViewController.m */ = {isa = PBXFileReference; lastKnownFileType = sourcecode.c.objc; path = GameViewController.m; sourceTree = "<group>"; };
		2E8997B41AA7DE9200CFFA92 /* Shaders.metal */ = {isa = PBXFileReference; lastKnownFileType = sourcecode.metal; path = Shaders.metal; sourceTree = "<group>"; };
		2E8997B71AA7DE9200CFFA92 /* Base */ = {isa = PBXFileReference; lastKnownFileType = file.storyboard; name = Base; path = Base.lproj/Main.storyboard; sourceTree = "<group>"; };
		2E8997B91AA7DE9200CFFA92 /* Images.xcassets */ = {isa = PBXFileReference; lastKnownFileType = folder.assetcatalog; path = Images.xcassets; sourceTree = "<group>"; };
		2E8997BC1AA7DE9200CFFA92 /* Base */ = {isa = PBXFileReference; lastKnownFileType = file.xib; name = Base; path = Base.lproj/LaunchScreen.xib; sourceTree = "<group>"; };
		2E8997C21AA7DE9200CFFA92 /* GameTests.xctest */ = {isa = PBXFileReference; explicitFileType = wrapper.cfbundle; includeInIndex = 0; path = GameTests.xctest; sourceTree = BUILT_PRODUCTS_DIR; };
		2E8997C71AA7DE9200CFFA92 /* Info.plist */ = {isa = PBXFileReference; lastKnownFileType = text.plist.xml; path = Info.plist; sourceTree = "<group>"; };
		2E8997C81AA7DE9200CFFA92 /* GameTests.m */ = {isa = PBXFileReference; lastKnownFileType = sourcecode.c.objc; path = GameTests.m; sourceTree = "<group>"; };
/* End PBXFileReference section */

/* Begin PBXFrameworksBuildPhase section */
		2E8997A41AA7DE9200CFFA92 /* Frameworks */ = {
			isa = PBXFrameworksBuildPhase;
			buildActionMask = 2147483647;
			files = (
			);
			runOnlyForDeploymentPostprocessing = 0;
		};
		2E8997BF1AA7DE9200CFFA92 /* Frameworks */ = {
			isa = PBXFrameworksBuildPhase;
			buildActionMask = 2147483647;
			files = (
			);
			runOnlyForDeploymentPostprocessing = 0;
		};
/* End PBXFrameworksBuildPhase section */

/* Begin PBXGroup section */
		2E89979E1AA7DE9200CFFA92 = {
			isa = PBXGroup;
			children = (
				2E8997A91AA7DE9200CFFA92 /* Game */,
				2E8997C51AA7DE9200CFFA92 /* GameTests */,
				2E8997A81AA7DE9200CFFA92 /* Products */,
			);
			sourceTree = "<group>";
		};
		2E8997A81AA7DE9200CFFA92 /* Products */ = {
			isa = PBXGroup;
			children = (
				2E8997A71AA7DE9200CFFA92 /* Game.app */,
				2E8997C21AA7DE9200CFFA92 /* GameTests.xctest */,
			);
			name = Products;
			sourceTree = "<group>";
		};
		2E8997A91AA7DE9200CFFA92 /* Game */ = {
			isa = PBXGroup;
			children = (
				2E8997AE1AA7DE9200CFFA92 /* AppDelegate.h */,
				2E8997AF1AA7DE9200CFFA92 /* AppDelegate.m */,
				2E8997B11AA7DE9200CFFA92 /* GameViewController.h */,
				2E8997B21AA7DE9200CFFA92 /* GameViewController.m */,
				2E8997B41AA7DE9200CFFA92 /* Shaders.metal */,
				2E8997B61AA7DE9200CFFA92 /* Main.storyboard */,
				2E8997B91AA7DE9200CFFA92 /* Images.xcassets */,
				2E8997BB1AA7DE9200CFFA92 /* LaunchScreen.xib */,
				2E8997AA1AA7DE9200CFFA92 /* Supporting Files */,
			);
			path = Game;
			sourceTree = "<group>";
		};
		2E8997AA1AA7DE9200CFFA92 /* Supporting Files */ = {
			isa = PBXGroup;
			children = (
				2E8997AB1AA7DE9200CFFA92 /* Info.plist */,
				2E8997AC1AA7DE9200CFFA92 /* main.m */,
			);
			name = "Supporting Files";
			sourceTree = "<group>";
		};
		2E8997C51AA7DE9200CFFA92 /* GameTests */ = {
			isa = PBXGroup;
			children = (
				2E8997C81AA7DE9200CFFA92 /* GameTests.m */,
				2E8997C61AA7DE9200CFFA92 /* Supporting Files */,
			);
			path = GameTests;
			sourceTree = "<group>";
		};
		2E8997C61AA7DE9200CFFA92 /* Supporting Files */ = {
			isa = PBXGroup;
			children = (
				2E8997C71AA7DE9200CFFA92 /* Info.plist */,
			);
			name = "Supporting Files";
			sourceTree = "<group>";
		};
/* End PBXGroup section */

/* Begin PBXNativeTarget section */
		2E8997A61AA7DE9200CFFA92 /* Game */ = {
			isa = PBXNativeTarget;
			buildConfigurationList = 2E8997CC1AA7DE9200CFFA92 /* Build configuration list for PBXNativeTarget "Game" */;
			buildPhases = (
				2E8997A31AA7DE9200CFFA92 /* Sources */,
				2E8997A41AA7DE9200CFFA92 /* Frameworks */,
				2E8997A51AA7DE9200CFFA92 /* Resources */,
			);
			buildRules = (
			);
			dependencies = (
			);
			name = Game;
			productName = Game;
			productReference = 2E8997A71AA7DE9200CFFA92 /* Game.app */;
			productType = "com.apple.product-type.application";
		};
		2E8997C11AA7DE9200CFFA92 /* GameTests */ = {
			isa = PBXNativeTarget;
			buildConfigurationList = 2E8997CF1AA7DE9200CFFA92 /* Build configuration list for PBXNativeTarget "GameTests" */;
			buildPhases = (
				2E8997BE1AA7DE9200CFFA92 /* Sources */,
				2E8997BF1AA7DE9200CFFA92 /* Frameworks */,
				2E8997C01AA7DE9200CFFA92 /* Resources */,
			);
			buildRules = (
			);
			dependencies = (
				2E8997C41AA7DE9200CFFA92 /* PBXTargetDependency */,
			);
			name = GameTests;
			productName = GameTests;
			productReference = 2E8997C21AA7DE9200CFFA92 /* GameTests.xctest */;
			productType = "com.apple.product-type.bundle.unit-test";
		};
/* End PBXNativeTarget section */

/* Begin PBXProject section */
		2E89979F1AA7DE9200CFFA92 /* Project object */ = {
			isa = PBXProject;
			attributes = {
				LastUpgradeCheck = 0630;
				ORGANIZATIONNAME = "MagniWare Ltd.";
				TargetAttributes = {
					2E8997A61AA7DE9200CFFA92 = {
						CreatedOnToolsVersion = 6.3;
					};
					2E8997C11AA7DE9200CFFA92 = {
						CreatedOnToolsVersion = 6.3;
						TestTargetID = 2E8997A61AA7DE9200CFFA92;
					};
				};
			};
			buildConfigurationList = 2E8997A21AA7DE9200CFFA92 /* Build configuration list for PBXProject "Game" */;
			compatibilityVersion = "Xcode 3.2";
			developmentRegion = English;
			hasScannedForEncodings = 0;
			knownRegions = (
				en,
				Base,
			);
			mainGroup = 2E89979E1AA7DE9200CFFA92;
			productRefGroup = 2E8997A81AA7DE9200CFFA92 /* Products */;
			projectDirPath = "";
			projectRoot = "";
			targets = (
				2E8997A61AA7DE9200CFFA92 /* Game */,
				2E8997C11AA7DE9200CFFA92 /* GameTests */,
			);
		};
/* End PBXProject section */

/* Begin PBXResourcesBuildPhase section */
		2E8997A51AA7DE9200CFFA92 /* Resources */ = {
			isa = PBXResourcesBuildPhase;
			buildActionMask = 2147483647;
			files = (
				2E8997B81AA7DE9200CFFA92 /* Main.storyboard in Resources */,
				2E8997BD1AA7DE9200CFFA92 /* LaunchScreen.xib in Resources */,
				2E8997BA1AA7DE9200CFFA92 /* Images.xcassets in Resources */,
			);
			runOnlyForDeploymentPostprocessing = 0;
		};
		2E8997C01AA7DE9200CFFA92 /* Resources */ = {
			isa = PBXResourcesBuildPhase;
			buildActionMask = 2147483647;
			files = (
			);
			runOnlyForDeploymentPostprocessing = 0;
		};
/* End PBXResourcesBuildPhase section */

/* Begin PBXSourcesBuildPhase section */
		2E8997A31AA7DE9200CFFA92 /* Sources */ = {
			isa = PBXSourcesBuildPhase;
			buildActionMask = 2147483647;
			files = (
				2E8997B51AA7DE9200CFFA92 /* Shaders.metal in Sources */,
				2E8997B01AA7DE9200CFFA92 /* AppDelegate.m in Sources */,
				2E8997B31AA7DE9200CFFA92 /* GameViewController.m in Sources */,
				2E8997AD1AA7DE9200CFFA92 /* main.m in Sources */,
			);
			runOnlyForDeploymentPostprocessing = 0;
		};
		2E8997BE1AA7DE9200CFFA92 /* Sources */ = {
			isa = PBXSourcesBuildPhase;
			buildActionMask = 2147483647;
			files = (
				2E8997C91AA7DE9200CFFA92 /* GameTests.m in Sources */,
			);
			runOnlyForDeploymentPostprocessing = 0;
		};
/* End PBXSourcesBuildPhase section */

/* Begin PBXTargetDependency section */
		2E8997C41AA7DE9200CFFA92 /* PBXTargetDependency */ = {
			isa = PBXTargetDependency;
			target = 2E8997A61AA7DE9200CFFA92 /* Game */;
			targetProxy = 2E8997C31AA7DE9200CFFA92 /* PBXContainerItemProxy */;
		};
/* End PBXTargetDependency section */

/* Begin PBXVariantGroup section */
		2E8997B61AA7DE9200CFFA92 /* Main.storyboard */ = {
			isa = PBXVariantGroup;
			children = (
				2E8997B71AA7DE9200CFFA92 /* Base */,
			);
			name = Main.storyboard;
			sourceTree = "<group>";
		};
		2E8997BB1AA7DE9200CFFA92 /* LaunchScreen.xib */ = {
			isa = PBXVariantGroup;
			children = (
				2E8997BC1AA7DE9200CFFA92 /* Base */,
			);
			name = LaunchScreen.xib;
			sourceTree = "<group>";
		};
/* End PBXVariantGroup section */

/* Begin XCBuildConfiguration section */
		2E8997CA1AA7DE9200CFFA92 /* Debug */ = {
			isa = XCBuildConfiguration;
			buildSettings = {
				ALWAYS_SEARCH_USER_PATHS = NO;
				CLANG_CXX_LANGUAGE_STANDARD = "gnu++0x";
				CLANG_CXX_LIBRARY = "libc++";
				CLANG_ENABLE_MODULES = YES;
				CLANG_ENABLE_OBJC_ARC = YES;
				CLANG_WARN_BOOL_CONVERSION = YES;
				CLANG_WARN_CONSTANT_CONVERSION = YES;
				CLANG_WARN_DIRECT_OBJC_ISA_USAGE = YES_ERROR;
				CLANG_WARN_EMPTY_BODY = YES;
				CLANG_WARN_ENUM_CONVERSION = YES;
				CLANG_WARN_INT_CONVERSION = YES;
				CLANG_WARN_OBJC_ROOT_CLASS = YES_ERROR;
				CLANG_WARN_UNREACHABLE_CODE = YES;
				CLANG_WARN__DUPLICATE_METHOD_MATCH = YES;
				"CODE_SIGN_IDENTITY[sdk=iphoneos*]" = "iPhone Developer";
				COPY_PHASE_STRIP = NO;
				DEBUG_INFORMATION_FORMAT = dwarf;
				ENABLE_STRICT_OBJC_MSGSEND = YES;
				GCC_C_LANGUAGE_STANDARD = gnu99;
				GCC_DYNAMIC_NO_PIC = NO;
				GCC_NO_COMMON_BLOCKS = YES;
				GCC_OPTIMIZATION_LEVEL = 0;
				GCC_PREPROCESSOR_DEFINITIONS = (
					"DEBUG=1",
					"$(inherited)",
				);
				GCC_SYMBOLS_PRIVATE_EXTERN = NO;
				GCC_WARN_64_TO_32_BIT_CONVERSION = YES;
				GCC_WARN_ABOUT_RETURN_TYPE = YES_ERROR;
				GCC_WARN_UNDECLARED_SELECTOR = YES;
				GCC_WARN_UNINITIALIZED_AUTOS = YES_AGGRESSIVE;
				GCC_WARN_UNUSED_FUNCTION = YES;
				GCC_WARN_UNUSED_VARIABLE = YES;
				IPHONEOS_DEPLOYMENT_TARGET = 8.3;
				MTL_ENABLE_DEBUG_INFO = YES;
				ONLY_ACTIVE_ARCH = YES;
				SDKROOT = iphoneos;
			};
			name = Debug;
		};
		2E8997CB1AA7DE9200CFFA92 /* Release */ = {
			isa = XCBuildConfiguration;
			buildSettings = {
				ALWAYS_SEARCH_USER_PATHS = NO;
				CLANG_CXX_LANGUAGE_STANDARD = "gnu++0x";
				CLANG_CXX_LIBRARY = "libc++";
				CLANG_ENABLE_MODULES = YES;
				CLANG_ENABLE_OBJC_ARC = YES;
				CLANG_WARN_BOOL_CONVERSION = YES;
				CLANG_WARN_CONSTANT_CONVERSION = YES;
				CLANG_WARN_DIRECT_OBJC_ISA_USAGE = YES_ERROR;
				CLANG_WARN_EMPTY_BODY = YES;
				CLANG_WARN_ENUM_CONVERSION = YES;
				CLANG_WARN_INT_CONVERSION = YES;
				CLANG_WARN_OBJC_ROOT_CLASS = YES_ERROR;
				CLANG_WARN_UNREACHABLE_CODE = YES;
				CLANG_WARN__DUPLICATE_METHOD_MATCH = YES;
				"CODE_SIGN_IDENTITY[sdk=iphoneos*]" = "iPhone Developer";
				COPY_PHASE_STRIP = NO;
				DEBUG_INFORMATION_FORMAT = "dwarf-with-dsym";
				ENABLE_NS_ASSERTIONS = NO;
				ENABLE_STRICT_OBJC_MSGSEND = YES;
				GCC_C_LANGUAGE_STANDARD = gnu99;
				GCC_NO_COMMON_BLOCKS = YES;
				GCC_WARN_64_TO_32_BIT_CONVERSION = YES;
				GCC_WARN_ABOUT_RETURN_TYPE = YES_ERROR;
				GCC_WARN_UNDECLARED_SELECTOR = YES;
				GCC_WARN_UNINITIALIZED_AUTOS = YES_AGGRESSIVE;
				GCC_WARN_UNUSED_FUNCTION = YES;
				GCC_WARN_UNUSED_VARIABLE = YES;
				IPHONEOS_DEPLOYMENT_TARGET = 8.3;
				MTL_ENABLE_DEBUG_INFO = NO;
				SDKROOT = iphoneos;
				VALIDATE_PRODUCT = YES;
			};
			name = Release;
		};
		2E8997CD1AA7DE9200CFFA92 /* Debug */ = {
			isa = XCBuildConfiguration;
			buildSettings = {
				ASSETCATALOG_COMPILER_APPICON_NAME = AppIcon;
				INFOPLIST_FILE = Game/Info.plist;
				LD_RUNPATH_SEARCH_PATHS = "$(inherited) @executable_path/Frameworks";
				PRODUCT_NAME = "$(TARGET_NAME)";
			};
			name = Debug;
		};
		2E8997CE1AA7DE9200CFFA92 /* Release */ = {
			isa = XCBuildConfiguration;
			buildSettings = {
				ASSETCATALOG_COMPILER_APPICON_NAME = AppIcon;
				INFOPLIST_FILE = Game/Info.plist;
				LD_RUNPATH_SEARCH_PATHS = "$(inherited) @executable_path/Frameworks";
				PRODUCT_NAME = "$(TARGET_NAME)";
			};
			name = Release;
		};
		2E8997D01AA7DE9200CFFA92 /* Debug */ = {
			isa = XCBuildConfiguration;
			buildSettings = {
				BUNDLE_LOADER = "$(TEST_HOST)";
				FRAMEWORK_SEARCH_PATHS = (
					"$(SDKROOT)/Developer/Library/Frameworks",
					"$(inherited)",
				);
				GCC_PREPROCESSOR_DEFINITIONS = (
					"DEBUG=1",
					"$(inherited)",
				);
				INFOPLIST_FILE = GameTests/Info.plist;
				LD_RUNPATH_SEARCH_PATHS = "$(inherited) @executable_path/Frameworks @loader_path/Frameworks";
				PRODUCT_NAME = "$(TARGET_NAME)";
				TEST_HOST = "$(BUILT_PRODUCTS_DIR)/Game.app/Game";
			};
			name = Debug;
		};
		2E8997D11AA7DE9200CFFA92 /* Release */ = {
			isa = XCBuildConfiguration;
			buildSettings = {
				BUNDLE_LOADER = "$(TEST_HOST)";
				FRAMEWORK_SEARCH_PATHS = (
					"$(SDKROOT)/Developer/Library/Frameworks",
					"$(inherited)",
				);
				INFOPLIST_FILE = GameTests/Info.plist;
				LD_RUNPATH_SEARCH_PATHS = "$(inherited) @executable_path/Frameworks @loader_path/Frameworks";
				PRODUCT_NAME = "$(TARGET_NAME)";
				TEST_HOST = "$(BUILT_PRODUCTS_DIR)/Game.app/Game";
			};
			name = Release;
		};
/* End XCBuildConfiguration section */

/* Begin XCConfigurationList section */
		2E8997A21AA7DE9200CFFA92 /* Build configuration list for PBXProject "Game" */ = {
			isa = XCConfigurationList;
			buildConfigurations = (
				2E8997CA1AA7DE9200CFFA92 /* Debug */,
				2E8997CB1AA7DE9200CFFA92 /* Release */,
			);
			defaultConfigurationIsVisible = 0;
			defaultConfigurationName = Release;
		};
		2E8997CC1AA7DE9200CFFA92 /* Build configuration list for PBXNativeTarget "Game" */ = {
			isa = XCConfigurationList;
			buildConfigurations = (
				2E8997CD1AA7DE9200CFFA92 /* Debug */,
				2E8997CE1AA7DE9200CFFA92 /* Release */,
			);
			defaultConfigurationIsVisible = 0;
		};
		2E8997CF1AA7DE9200CFFA92 /* Build configuration list for PBXNativeTarget "GameTests" */ = {
			isa = XCConfigurationList;
			buildConfigurations = (
				2E8997D01AA7DE9200CFFA92 /* Debug */,
				2E8997D11AA7DE9200CFFA92 /* Release */,
			);
			defaultConfigurationIsVisible = 0;
		};
/* End XCConfigurationList section */
	};
	rootObject = 2E89979F1AA7DE9200CFFA92 /* Project object */;
}
